{
  "name": "session 44 shop_slider",
  "lockfileVersion": 3,
  "requires": true,
  "packages": {
    "": {
      "dependencies": {
        "vanilla-infinite-marquee": "^1.0.12"
      },
      "devDependencies": {
        "tailwindcss": "^4.0.7"
      }
    },
    "node_modules/tailwindcss": {
      "version": "4.0.7",
      "resolved": "https://registry.npmjs.org/tailwindcss/-/tailwindcss-4.0.7.tgz",
      "integrity": "sha512-yH5bPPyapavo7L+547h3c4jcBXcrKwybQRjwdEIVAd9iXRvy/3T1CC6XSQEgZtRySjKfqvo3Cc0ZF1DTheuIdA==",
      "dev": true,
      "license": "MIT"
    },
    "node_modules/vanilla-infinite-marquee": {
      "version": "1.0.12",
      "resolved": "https://registry.npmjs.org/vanilla-infinite-marquee/-/vanilla-infinite-marquee-1.0.12.tgz",
      "integrity": "sha512-0dPN6Jb35VvOBN5EfNzKvYQhRrcL9tFvbRnH66vDHlZWxW1KSR8YOQra5J204z7fgGzmRF4Xxm1c4kUNsQE+kw==",
      "license": "MIT"
    }
  }
}
